// !$*UTF8*$!
{
	archiveVersion = 1;
	classes = {
	};
	objectVersion = 55;
	objects = {

/* Begin PBXBuildFile section */
		BC148857289A725100723A5A /* UserViewController.swift in Sources */ = {isa = PBXBuildFile; fileRef = BC148856289A725100723A5A /* UserViewController.swift */; };
		BC59F20928998F82009375AE /* DetailViewController.swift in Sources */ = {isa = PBXBuildFile; fileRef = BC59F20828998F82009375AE /* DetailViewController.swift */; };
		BCEC93F42899FE2100C3353C /* CommentTableViewCell.swift in Sources */ = {isa = PBXBuildFile; fileRef = BCEC93F32899FE2000C3353C /* CommentTableViewCell.swift */; };
		BCF87B1E2898B4F00058D2AC /* AppDelegate.swift in Sources */ = {isa = PBXBuildFile; fileRef = BCF87B1D2898B4F00058D2AC /* AppDelegate.swift */; };
		BCF87B202898B4F00058D2AC /* SceneDelegate.swift in Sources */ = {isa = PBXBuildFile; fileRef = BCF87B1F2898B4F00058D2AC /* SceneDelegate.swift */; };
		BCF87B222898B4F00058D2AC /* ViewController.swift in Sources */ = {isa = PBXBuildFile; fileRef = BCF87B212898B4F00058D2AC /* ViewController.swift */; };
		BCF87B252898B4F00058D2AC /* Main.storyboard in Resources */ = {isa = PBXBuildFile; fileRef = BCF87B232898B4F00058D2AC /* Main.storyboard */; };
		BCF87B282898B4F00058D2AC /* postandcomment.xcdatamodeld in Sources */ = {isa = PBXBuildFile; fileRef = BCF87B262898B4F00058D2AC /* postandcomment.xcdatamodeld */; };
		BCF87B2A2898B4F20058D2AC /* Assets.xcassets in Resources */ = {isa = PBXBuildFile; fileRef = BCF87B292898B4F20058D2AC /* Assets.xcassets */; };
		BCF87B2D2898B4F20058D2AC /* LaunchScreen.storyboard in Resources */ = {isa = PBXBuildFile; fileRef = BCF87B2B2898B4F20058D2AC /* LaunchScreen.storyboard */; };
		BCF87B37289917400058D2AC /* ApiCollection.swift in Sources */ = {isa = PBXBuildFile; fileRef = BCF87B36289917400058D2AC /* ApiCollection.swift */; };
		BCF87B3A28995FE20058D2AC /* postTableViewCell.swift in Sources */ = {isa = PBXBuildFile; fileRef = BCF87B3928995FE20058D2AC /* postTableViewCell.swift */; };
/* End PBXBuildFile section */

/* Begin PBXFileReference section */
		BC148856289A725100723A5A /* UserViewController.swift */ = {isa = PBXFileReference; lastKnownFileType = sourcecode.swift; path = UserViewController.swift; sourceTree = "<group>"; };
		BC59F20828998F82009375AE /* DetailViewController.swift */ = {isa = PBXFileReference; lastKnownFileType = sourcecode.swift; path = DetailViewController.swift; sourceTree = "<group>"; };
		BCEC93F32899FE2000C3353C /* CommentTableViewCell.swift */ = {isa = PBXFileReference; lastKnownFileType = sourcecode.swift; path = CommentTableViewCell.swift; sourceTree = "<group>"; };
		BCF87B1A2898B4F00058D2AC /* postandcomment.app */ = {isa = PBXFileReference; explicitFileType = wrapper.application; includeInIndex = 0; path = postandcomment.app; sourceTree = BUILT_PRODUCTS_DIR; };
		BCF87B1D2898B4F00058D2AC /* AppDelegate.swift */ = {isa = PBXFileReference; lastKnownFileType = sourcecode.swift; path = AppDelegate.swift; sourceTree = "<group>"; };
		BCF87B1F2898B4F00058D2AC /* SceneDelegate.swift */ = {isa = PBXFileReference; lastKnownFileType = sourcecode.swift; path = SceneDelegate.swift; sourceTree = "<group>"; };
		BCF87B212898B4F00058D2AC /* ViewController.swift */ = {isa = PBXFileReference; lastKnownFileType = sourcecode.swift; path = ViewController.swift; sourceTree = "<group>"; };
		BCF87B242898B4F00058D2AC /* Base */ = {isa = PBXFileReference; lastKnownFileType = file.storyboard; name = Base; path = Base.lproj/Main.storyboard; sourceTree = "<group>"; };
		BCF87B272898B4F00058D2AC /* postandcomment.xcdatamodel */ = {isa = PBXFileReference; lastKnownFileType = wrapper.xcdatamodel; path = postandcomment.xcdatamodel; sourceTree = "<group>"; };
		BCF87B292898B4F20058D2AC /* Assets.xcassets */ = {isa = PBXFileReference; lastKnownFileType = folder.assetcatalog; path = Assets.xcassets; sourceTree = "<group>"; };
		BCF87B2C2898B4F20058D2AC /* Base */ = {isa = PBXFileReference; lastKnownFileType = file.storyboard; name = Base; path = Base.lproj/LaunchScreen.storyboard; sourceTree = "<group>"; };
		BCF87B2E2898B4F20058D2AC /* Info.plist */ = {isa = PBXFileReference; lastKnownFileType = text.plist.xml; path = Info.plist; sourceTree = "<group>"; };
		BCF87B36289917400058D2AC /* ApiCollection.swift */ = {isa = PBXFileReference; lastKnownFileType = sourcecode.swift; path = ApiCollection.swift; sourceTree = "<group>"; };
		BCF87B3928995FE20058D2AC /* postTableViewCell.swift */ = {isa = PBXFileReference; lastKnownFileType = sourcecode.swift; path = postTableViewCell.swift; sourceTree = "<group>"; };
/* End PBXFileReference section */

/* Begin PBXFrameworksBuildPhase section */
		BCF87B172898B4F00058D2AC /* Frameworks */ = {
			isa = PBXFrameworksBuildPhase;
			buildActionMask = 2147483647;
			files = (
			);
			runOnlyForDeploymentPostprocessing = 0;
		};
/* End PBXFrameworksBuildPhase section */

/* Begin PBXGroup section */
		BCF87B112898B4F00058D2AC = {
			isa = PBXGroup;
			children = (
				BCF87B1C2898B4F00058D2AC /* postandcomment */,
				BCF87B1B2898B4F00058D2AC /* Products */,
			);
			sourceTree = "<group>";
		};
		BCF87B1B2898B4F00058D2AC /* Products */ = {
			isa = PBXGroup;
			children = (
				BCF87B1A2898B4F00058D2AC /* postandcomment.app */,
			);
			name = Products;
			sourceTree = "<group>";
		};
		BCF87B1C2898B4F00058D2AC /* postandcomment */ = {
			isa = PBXGroup;
			children = (
				BCF87B1D2898B4F00058D2AC /* AppDelegate.swift */,
				BCF87B1F2898B4F00058D2AC /* SceneDelegate.swift */,
				BCF87B38289917460058D2AC /* Model */,
				BCF87B352898B50D0058D2AC /* Controller */,
				BCF87B342898B5030058D2AC /* View */,
				BCF87B292898B4F20058D2AC /* Assets.xcassets */,
				BCF87B2B2898B4F20058D2AC /* LaunchScreen.storyboard */,
				BCF87B2E2898B4F20058D2AC /* Info.plist */,
				BCF87B262898B4F00058D2AC /* postandcomment.xcdatamodeld */,
			);
			path = postandcomment;
			sourceTree = "<group>";
		};
		BCF87B342898B5030058D2AC /* View */ = {
			isa = PBXGroup;
			children = (
				BCF87B232898B4F00058D2AC /* Main.storyboard */,
			);
			path = View;
			sourceTree = "<group>";
		};
		BCF87B352898B50D0058D2AC /* Controller */ = {
			isa = PBXGroup;
			children = (
				BCF87B3928995FE20058D2AC /* postTableViewCell.swift */,
				BCEC93F32899FE2000C3353C /* CommentTableViewCell.swift */,
				BCF87B212898B4F00058D2AC /* ViewController.swift */,
				BC59F20828998F82009375AE /* DetailViewController.swift */,
				BC148856289A725100723A5A /* UserViewController.swift */,
			);
			path = Controller;
			sourceTree = "<group>";
		};
		BCF87B38289917460058D2AC /* Model */ = {
			isa = PBXGroup;
			children = (
				BCF87B36289917400058D2AC /* ApiCollection.swift */,
			);
			path = Model;
			sourceTree = "<group>";
		};
/* End PBXGroup section */

/* Begin PBXNativeTarget section */
		BCF87B192898B4F00058D2AC /* postandcomment */ = {
			isa = PBXNativeTarget;
			buildConfigurationList = BCF87B312898B4F20058D2AC /* Build configuration list for PBXNativeTarget "postandcomment" */;
			buildPhases = (
				BCF87B162898B4F00058D2AC /* Sources */,
				BCF87B172898B4F00058D2AC /* Frameworks */,
				BCF87B182898B4F00058D2AC /* Resources */,
			);
			buildRules = (
			);
			dependencies = (
			);
			name = postandcomment;
			productName = postandcomment;
			productReference = BCF87B1A2898B4F00058D2AC /* postandcomment.app */;
			productType = "com.apple.product-type.application";
		};
/* End PBXNativeTarget section */

/* Begin PBXProject section */
		BCF87B122898B4F00058D2AC /* Project object */ = {
			isa = PBXProject;
			attributes = {
				BuildIndependentTargetsInParallel = 1;
				LastSwiftUpdateCheck = 1320;
				LastUpgradeCheck = 1320;
				TargetAttributes = {
					BCF87B192898B4F00058D2AC = {
						CreatedOnToolsVersion = 13.2.1;
					};
				};
			};
			buildConfigurationList = BCF87B152898B4F00058D2AC /* Build configuration list for PBXProject "postandcomment" */;
			compatibilityVersion = "Xcode 13.0";
			developmentRegion = en;
			hasScannedForEncodings = 0;
			knownRegions = (
				en,
				Base,
			);
			mainGroup = BCF87B112898B4F00058D2AC;
			productRefGroup = BCF87B1B2898B4F00058D2AC /* Products */;
			projectDirPath = "";
			projectRoot = "";
			targets = (
				BCF87B192898B4F00058D2AC /* postandcomment */,
			);
		};
/* End PBXProject section */

/* Begin PBXResourcesBuildPhase section */
		BCF87B182898B4F00058D2AC /* Resources */ = {
			isa = PBXResourcesBuildPhase;
			buildActionMask = 2147483647;
			files = (
				BCF87B2D2898B4F20058D2AC /* LaunchScreen.storyboard in Resources */,
				BCF87B2A2898B4F20058D2AC /* Assets.xcassets in Resources */,
				BCF87B252898B4F00058D2AC /* Main.storyboard in Resources */,
			);
			runOnlyForDeploymentPostprocessing = 0;
		};
/* End PBXResourcesBuildPhase section */

/* Begin PBXSourcesBuildPhase section */
		BCF87B162898B4F00058D2AC /* Sources */ = {
			isa = PBXSourcesBuildPhase;
			buildActionMask = 2147483647;
			files = (
				BCF87B222898B4F00058D2AC /* ViewController.swift in Sources */,
				BC148857289A725100723A5A /* UserViewController.swift in Sources */,
				BCF87B1E2898B4F00058D2AC /* AppDelegate.swift in Sources */,
				BCF87B202898B4F00058D2AC /* SceneDelegate.swift in Sources */,
				BCEC93F42899FE2100C3353C /* CommentTableViewCell.swift in Sources */,
				BCF87B3A28995FE20058D2AC /* postTableViewCell.swift in Sources */,
				BCF87B37289917400058D2AC /* ApiCollection.swift in Sources */,
				BCF87B282898B4F00058D2AC /* postandcomment.xcdatamodeld in Sources */,
				BC59F20928998F82009375AE /* DetailViewController.swift in Sources */,
			);
			runOnlyForDeploymentPostprocessing = 0;
		};
/* End PBXSourcesBuildPhase section */

/* Begin PBXVariantGroup section */
		BCF87B232898B4F00058D2AC /* Main.storyboard */ = {
			isa = PBXVariantGroup;
			children = (
				BCF87B242898B4F00058D2AC /* Base */,
			);
			name = Main.storyboard;
			sourceTree = "<group>";
		};
		BCF87B2B2898B4F20058D2AC /* LaunchScreen.storyboard */ = {
			isa = PBXVariantGroup;
			children = (
				BCF87B2C2898B4F20058D2AC /* Base */,
			);
			name = LaunchScreen.storyboard;
			sourceTree = "<group>";
		};
/* End PBXVariantGroup section */

/* Begin XCBuildConfiguration section */
		BCF87B2F2898B4F20058D2AC /* Debug */ = {
			isa = XCBuildConfiguration;
			buildSettings = {
				ALWAYS_SEARCH_USER_PATHS = NO;
				CLANG_ANALYZER_NONNULL = YES;
				CLANG_ANALYZER_NUMBER_OBJECT_CONVERSION = YES_AGGRESSIVE;
				CLANG_CXX_LANGUAGE_STANDARD = "gnu++17";
				CLANG_CXX_LIBRARY = "libc++";
				CLANG_ENABLE_MODULES = YES;
				CLANG_ENABLE_OBJC_ARC = YES;
				CLANG_ENABLE_OBJC_WEAK = YES;
				CLANG_WARN_BLOCK_CAPTURE_AUTORELEASING = YES;
				CLANG_WARN_BOOL_CONVERSION = YES;
				CLANG_WARN_COMMA = YES;
				CLANG_WARN_CONSTANT_CONVERSION = YES;
				CLANG_WARN_DEPRECATED_OBJC_IMPLEMENTATIONS = YES;
				CLANG_WARN_DIRECT_OBJC_ISA_USAGE = YES_ERROR;
				CLANG_WARN_DOCUMENTATION_COMMENTS = YES;
				CLANG_WARN_EMPTY_BODY = YES;
				CLANG_WARN_ENUM_CONVERSION = YES;
				CLANG_WARN_INFINITE_RECURSION = YES;
				CLANG_WARN_INT_CONVERSION = YES;
				CLANG_WARN_NON_LITERAL_NULL_CONVERSION = YES;
				CLANG_WARN_OBJC_IMPLICIT_RETAIN_SELF = YES;
				CLANG_WARN_OBJC_LITERAL_CONVERSION = YES;
				CLANG_WARN_OBJC_ROOT_CLASS = YES_ERROR;
				CLANG_WARN_QUOTED_INCLUDE_IN_FRAMEWORK_HEADER = YES;
				CLANG_WARN_RANGE_LOOP_ANALYSIS = YES;
				CLANG_WARN_STRICT_PROTOTYPES = YES;
				CLANG_WARN_SUSPICIOUS_MOVE = YES;
				CLANG_WARN_UNGUARDED_AVAILABILITY = YES_AGGRESSIVE;
				CLANG_WARN_UNREACHABLE_CODE = YES;
				CLANG_WARN__DUPLICATE_METHOD_MATCH = YES;
				COPY_PHASE_STRIP = NO;
				DEBUG_INFORMATION_FORMAT = dwarf;
				ENABLE_STRICT_OBJC_MSGSEND = YES;
				ENABLE_TESTABILITY = YES;
				GCC_C_LANGUAGE_STANDARD = gnu11;
				GCC_DYNAMIC_NO_PIC = NO;
				GCC_NO_COMMON_BLOCKS = YES;
				GCC_OPTIMIZATION_LEVEL = 0;
				GCC_PREPROCESSOR_DEFINITIONS = (
					"DEBUG=1",
					"$(inherited)",
				);
				GCC_WARN_64_TO_32_BIT_CONVERSION = YES;
				GCC_WARN_ABOUT_RETURN_TYPE = YES_ERROR;
				GCC_WARN_UNDECLARED_SELECTOR = YES;
				GCC_WARN_UNINITIALIZED_AUTOS = YES_AGGRESSIVE;
				GCC_WARN_UNUSED_FUNCTION = YES;
				GCC_WARN_UNUSED_VARIABLE = YES;
				IPHONEOS_DEPLOYMENT_TARGET = 15.2;
				MTL_ENABLE_DEBUG_INFO = INCLUDE_SOURCE;
				MTL_FAST_MATH = YES;
				ONLY_ACTIVE_ARCH = YES;
				SDKROOT = iphoneos;
				SWIFT_ACTIVE_COMPILATION_CONDITIONS = DEBUG;
				SWIFT_OPTIMIZATION_LEVEL = "-Onone";
			};
			name = Debug;
		};
		BCF87B302898B4F20058D2AC /* Release */ = {
			isa = XCBuildConfiguration;
			buildSettings = {
				ALWAYS_SEARCH_USER_PATHS = NO;
				CLANG_ANALYZER_NONNULL = YES;
				CLANG_ANALYZER_NUMBER_OBJECT_CONVERSION = YES_AGGRESSIVE;
				CLANG_CXX_LANGUAGE_STANDARD = "gnu++17";
				CLANG_CXX_LIBRARY = "libc++";
				CLANG_ENABLE_MODULES = YES;
				CLANG_ENABLE_OBJC_ARC = YES;
				CLANG_ENABLE_OBJC_WEAK = YES;
				CLANG_WARN_BLOCK_CAPTURE_AUTORELEASING = YES;
				CLANG_WARN_BOOL_CONVERSION = YES;
				CLANG_WARN_COMMA = YES;
				CLANG_WARN_CONSTANT_CONVERSION = YES;
				CLANG_WARN_DEPRECATED_OBJC_IMPLEMENTATIONS = YES;
				CLANG_WARN_DIRECT_OBJC_ISA_USAGE = YES_ERROR;
				CLANG_WARN_DOCUMENTATION_COMMENTS = YES;
				CLANG_WARN_EMPTY_BODY = YES;
				CLANG_WARN_ENUM_CONVERSION = YES;
				CLANG_WARN_INFINITE_RECURSION = YES;
				CLANG_WARN_INT_CONVERSION = YES;
				CLANG_WARN_NON_LITERAL_NULL_CONVERSION = YES;
				CLANG_WARN_OBJC_IMPLICIT_RETAIN_SELF = YES;
				CLANG_WARN_OBJC_LITERAL_CONVERSION = YES;
				CLANG_WARN_OBJC_ROOT_CLASS = YES_ERROR;
				CLANG_WARN_QUOTED_INCLUDE_IN_FRAMEWORK_HEADER = YES;
				CLANG_WARN_RANGE_LOOP_ANALYSIS = YES;
				CLANG_WARN_STRICT_PROTOTYPES = YES;
				CLANG_WARN_SUSPICIOUS_MOVE = YES;
				CLANG_WARN_UNGUARDED_AVAILABILITY = YES_AGGRESSIVE;
				CLANG_WARN_UNREACHABLE_CODE = YES;
				CLANG_WARN__DUPLICATE_METHOD_MATCH = YES;
				COPY_PHASE_STRIP = NO;
				DEBUG_INFORMATION_FORMAT = "dwarf-with-dsym";
				ENABLE_NS_ASSERTIONS = NO;
				ENABLE_STRICT_OBJC_MSGSEND = YES;
				GCC_C_LANGUAGE_STANDARD = gnu11;
				GCC_NO_COMMON_BLOCKS = YES;
				GCC_WARN_64_TO_32_BIT_CONVERSION = YES;
				GCC_WARN_ABOUT_RETURN_TYPE = YES_ERROR;
				GCC_WARN_UNDECLARED_SELECTOR = YES;
				GCC_WARN_UNINITIALIZED_AUTOS = YES_AGGRESSIVE;
				GCC_WARN_UNUSED_FUNCTION = YES;
				GCC_WARN_UNUSED_VARIABLE = YES;
				IPHONEOS_DEPLOYMENT_TARGET = 15.2;
				MTL_ENABLE_DEBUG_INFO = NO;
				MTL_FAST_MATH = YES;
				SDKROOT = iphoneos;
				SWIFT_COMPILATION_MODE = wholemodule;
				SWIFT_OPTIMIZATION_LEVEL = "-O";
				VALIDATE_PRODUCT = YES;
			};
			name = Release;
		};
		BCF87B322898B4F20058D2AC /* Debug */ = {
			isa = XCBuildConfiguration;
			buildSettings = {
				ASSETCATALOG_COMPILER_APPICON_NAME = AppIcon;
				ASSETCATALOG_COMPILER_GLOBAL_ACCENT_COLOR_NAME = AccentColor;
				CODE_SIGN_STYLE = Automatic;
				CURRENT_PROJECT_VERSION = 1;
				DEVELOPMENT_TEAM = 998YMFT679;
				GENERATE_INFOPLIST_FILE = YES;
				INFOPLIST_FILE = postandcomment/Info.plist;
				INFOPLIST_KEY_UIApplicationSupportsIndirectInputEvents = YES;
				INFOPLIST_KEY_UILaunchStoryboardName = LaunchScreen;
				INFOPLIST_KEY_UIMainStoryboardFile = Main;
				INFOPLIST_KEY_UISupportedInterfaceOrientations = UIInterfaceOrientationPortrait;
				INFOPLIST_KEY_UISupportedInterfaceOrientations_iPad = "UIInterfaceOrientationPortrait UIInterfaceOrientationPortraitUpsideDown UIInterfaceOrientationLandscapeLeft UIInterfaceOrientationLandscapeRight";
				INFOPLIST_KEY_UISupportedInterfaceOrientations_iPhone = "UIInterfaceOrientationPortrait UIInterfaceOrientationLandscapeLeft UIInterfaceOrientationLandscapeRight";
				LD_RUNPATH_SEARCH_PATHS = (
					"$(inherited)",
					"@executable_path/Frameworks",
				);
				MARKETING_VERSION = 1.0;
				PRODUCT_BUNDLE_IDENTIFIER = "Apple-Developer-Academy.postandcomment";
				PRODUCT_NAME = "$(TARGET_NAME)";
				SWIFT_EMIT_LOC_STRINGS = YES;
				SWIFT_VERSION = 5.0;
				TARGETED_DEVICE_FAMILY = "1,2";
			};
			name = Debug;
		};
		BCF87B332898B4F20058D2AC /* Release */ = {
			isa = XCBuildConfiguration;
			buildSettings = {
				ASSETCATALOG_COMPILER_APPICON_NAME = AppIcon;
				ASSETCATALOG_COMPILER_GLOBAL_ACCENT_COLOR_NAME = AccentColor;
				CODE_SIGN_STYLE = Automatic;
				CURRENT_PROJECT_VERSION = 1;
				DEVELOPMENT_TEAM = 998YMFT679;
				GENERATE_INFOPLIST_FILE = YES;
				INFOPLIST_FILE = postandcomment/Info.plist;
				INFOPLIST_KEY_UIApplicationSupportsIndirectInputEvents = YES;
				INFOPLIST_KEY_UILaunchStoryboardName = LaunchScreen;
				INFOPLIST_KEY_UIMainStoryboardFile = Main;
				INFOPLIST_KEY_UISupportedInterfaceOrientations = UIInterfaceOrientationPortrait;
				INFOPLIST_KEY_UISupportedInterfaceOrientations_iPad = "UIInterfaceOrientationPortrait UIInterfaceOrientationPortraitUpsideDown UIInterfaceOrientationLandscapeLeft UIInterfaceOrientationLandscapeRight";
				INFOPLIST_KEY_UISupportedInterfaceOrientations_iPhone = "UIInterfaceOrientationPortrait UIInterfaceOrientationLandscapeLeft UIInterfaceOrientationLandscapeRight";
				LD_RUNPATH_SEARCH_PATHS = (
					"$(inherited)",
					"@executable_path/Frameworks",
				);
				MARKETING_VERSION = 1.0;
				PRODUCT_BUNDLE_IDENTIFIER = "Apple-Developer-Academy.postandcomment";
				PRODUCT_NAME = "$(TARGET_NAME)";
				SWIFT_EMIT_LOC_STRINGS = YES;
				SWIFT_VERSION = 5.0;
				TARGETED_DEVICE_FAMILY = "1,2";
			};
			name = Release;
		};
/* End XCBuildConfiguration section */

/* Begin XCConfigurationList section */
		BCF87B152898B4F00058D2AC /* Build configuration list for PBXProject "postandcomment" */ = {
			isa = XCConfigurationList;
			buildConfigurations = (
				BCF87B2F2898B4F20058D2AC /* Debug */,
				BCF87B302898B4F20058D2AC /* Release */,
			);
			defaultConfigurationIsVisible = 0;
			defaultConfigurationName = Release;
		};
		BCF87B312898B4F20058D2AC /* Build configuration list for PBXNativeTarget "postandcomment" */ = {
			isa = XCConfigurationList;
			buildConfigurations = (
				BCF87B322898B4F20058D2AC /* Debug */,
				BCF87B332898B4F20058D2AC /* Release */,
			);
			defaultConfigurationIsVisible = 0;
			defaultConfigurationName = Release;
		};
/* End XCConfigurationList section */

/* Begin XCVersionGroup section */
		BCF87B262898B4F00058D2AC /* postandcomment.xcdatamodeld */ = {
			isa = XCVersionGroup;
			children = (
				BCF87B272898B4F00058D2AC /* postandcomment.xcdatamodel */,
			);
			currentVersion = BCF87B272898B4F00058D2AC /* postandcomment.xcdatamodel */;
			path = postandcomment.xcdatamodeld;
			sourceTree = "<group>";
			versionGroupType = wrapper.xcdatamodel;
		};
/* End XCVersionGroup section */
	};
	rootObject = BCF87B122898B4F00058D2AC /* Project object */;
}
